
Microsoft Visual Studio Solution File, Format Version 12.00
# Visual Studio Version 16
VisualStudioVersion = 16.0.33214.272
MinimumVisualStudioVersion = 10.0.40219.1
Project("{FAE04EC0-301F-11D3-BF4B-00C04F79EFBC}") = "Animal_Sims_Up_Tamagotchi", "Animal_Sims_Up_Tamagotchi.csproj", "{9261B2FA-E69C-45BE-80F0-2F3435D363B6}"
EndProject
Global
	GlobalSection(SolutionConfigurationPlatforms) = preSolution
		Debug|Any CPU = Debug|Any CPU
		Release|Any CPU = Release|Any CPU
	EndGlobalSection
	GlobalSection(ProjectConfigurationPlatforms) = postSolution
		{9261B2FA-E69C-45BE-80F0-2F3435D363B6}.Debug|Any CPU.ActiveCfg = Debug|Any CPU
		{9261B2FA-E69C-45BE-80F0-2F3435D363B6}.Debug|Any CPU.Build.0 = Debug|Any CPU
		{9261B2FA-E69C-45BE-80F0-2F3435D363B6}.Release|Any CPU.ActiveCfg = Release|Any CPU
		{9261B2FA-E69C-45BE-80F0-2F3435D363B6}.Release|Any CPU.Build.0 = Release|Any CPU
	EndGlobalSection
	GlobalSection(SolutionProperties) = preSolution
		HideSolutionNode = FALSE
	EndGlobalSection
	GlobalSection(ExtensibilityGlobals) = postSolution
		SolutionGuid = {F79EB569-C617-42B4-AEB4-0A3B3012F306}
	EndGlobalSection
EndGlobal
